
Microsoft Visual Studio Solution File, Format Version 11.00
# Visual Studio 2010
Project("{E24C65DC-7377-472B-9ABA-BC803B73C61A}") = "Onecarrier", ".", "{70A6D56A-31F2-4D5C-A33D-823A61DD779C}"
	ProjectSection(WebsiteProperties) = preProject
		TargetFrameworkMoniker = ".NETFramework,Version%3Dv4.0"
		Debug.AspNetCompiler.VirtualPath = "/Maver"
		Debug.AspNetCompiler.PhysicalPath = "..\Onecarrier\"
		Debug.AspNetCompiler.TargetPath = "PrecompiledWeb\Maver\"
		Debug.AspNetCompiler.Updateable = "true"
		Debug.AspNetCompiler.ForceOverwrite = "true"
		Debug.AspNetCompiler.FixedNames = "false"
		Debug.AspNetCompiler.Debug = "True"
		Release.AspNetCompiler.VirtualPath = "/Maver"
		Release.AspNetCompiler.PhysicalPath = "..\Onecarrier\"
		Release.AspNetCompiler.TargetPath = "PrecompiledWeb\Maver\"
		Release.AspNetCompiler.Updateable = "true"
		Release.AspNetCompiler.ForceOverwrite = "true"
		Release.AspNetCompiler.FixedNames = "false"
		Release.AspNetCompiler.Debug = "False"
		VWDPort = "50096"
		VWDDynamicPort = "false"
	EndProjectSection
EndProject
Global
	GlobalSection(SolutionConfigurationPlatforms) = preSolution
		Debug|.NET = Debug|.NET
	EndGlobalSection
	GlobalSection(ProjectConfigurationPlatforms) = postSolution
		{70A6D56A-31F2-4D5C-A33D-823A61DD779C}.Debug|.NET.ActiveCfg = Debug|.NET
		{70A6D56A-31F2-4D5C-A33D-823A61DD779C}.Debug|.NET.Build.0 = Debug|.NET
	EndGlobalSection
	GlobalSection(SolutionProperties) = preSolution
		HideSolutionNode = FALSE
	EndGlobalSection
EndGlobal
